
Microsoft Visual Studio Solution File, Format Version 12.00
# Visual Studio 2012
Project("{8BC9CEB8-8B4A-11D0-8D11-00A0C91BC942}") = "RemoteControlAPI", "RemoteControlAPI\RemoteControlAPI.vcxproj", "{A962D9FE-739C-445F-8006-0D8106A30C79}"
EndProject
Global
	GlobalSection(SolutionConfigurationPlatforms) = preSolution
		Debug|Win32 = Debug|Win32
		Release|Win32 = Release|Win32
	EndGlobalSection
	GlobalSection(ProjectConfigurationPlatforms) = postSolution
		{A962D9FE-739C-445F-8006-0D8106A30C79}.Debug|Win32.ActiveCfg = Debug|Win32
		{A962D9FE-739C-445F-8006-0D8106A30C79}.Debug|Win32.Build.0 = Debug|Win32
		{A962D9FE-739C-445F-8006-0D8106A30C79}.Release|Win32.ActiveCfg = Release|Win32
		{A962D9FE-739C-445F-8006-0D8106A30C79}.Release|Win32.Build.0 = Release|Win32
	EndGlobalSection
	GlobalSection(SolutionProperties) = preSolution
		HideSolutionNode = FALSE
	EndGlobalSection
EndGlobal
